// !$*UTF8*$!
{
	archiveVersion = 1;
	classes = {
	};
	objectVersion = 50;
	objects = {

/* Begin PBXBuildFile section */
		D439F7EB22F2D4E60056FC26 /* ViewController.m in Sources */ = {isa = PBXBuildFile; fileRef = D439F7EA22F2D4E60056FC26 /* ViewController.m */; };
		D439F7EE22F2D4E60056FC26 /* Main.storyboard in Resources */ = {isa = PBXBuildFile; fileRef = D439F7EC22F2D4E60056FC26 /* Main.storyboard */; };
		D439F7F022F2D4E70056FC26 /* Assets.xcassets in Resources */ = {isa = PBXBuildFile; fileRef = D439F7EF22F2D4E70056FC26 /* Assets.xcassets */; };
		D439F7F322F2D4E70056FC26 /* LaunchScreen.storyboard in Resources */ = {isa = PBXBuildFile; fileRef = D439F7F122F2D4E70056FC26 /* LaunchScreen.storyboard */; };
		D439F7FE22F2D4F90056FC26 /* Duck.m in Sources */ = {isa = PBXBuildFile; fileRef = D439F7FD22F2D4F90056FC26 /* Duck.m */; };
		D439F80A22F2D71C0056FC26 /* main.m in Sources */ = {isa = PBXBuildFile; fileRef = D439F80722F2D71C0056FC26 /* main.m */; };
		D439F80B22F2D71C0056FC26 /* AppDelegate.m in Sources */ = {isa = PBXBuildFile; fileRef = D439F80822F2D71C0056FC26 /* AppDelegate.m */; };
		D439F81122F2D9A70056FC26 /* MallardDuck.m in Sources */ = {isa = PBXBuildFile; fileRef = D439F81022F2D9A70056FC26 /* MallardDuck.m */; };
		D439F81A22F2DB9F0056FC26 /* Quack.m in Sources */ = {isa = PBXBuildFile; fileRef = D439F81622F2DB9F0056FC26 /* Quack.m */; };
		D439F81B22F2DB9F0056FC26 /* Fly.m in Sources */ = {isa = PBXBuildFile; fileRef = D439F81822F2DB9F0056FC26 /* Fly.m */; };
/* End PBXBuildFile section */

/* Begin PBXFileReference section */
		D439F7E322F2D4E60056FC26 /* Strategy01.app */ = {isa = PBXFileReference; explicitFileType = wrapper.application; includeInIndex = 0; path = Strategy01.app; sourceTree = BUILT_PRODUCTS_DIR; };
		D439F7E922F2D4E60056FC26 /* ViewController.h */ = {isa = PBXFileReference; lastKnownFileType = sourcecode.c.h; path = ViewController.h; sourceTree = "<group>"; };
		D439F7EA22F2D4E60056FC26 /* ViewController.m */ = {isa = PBXFileReference; lastKnownFileType = sourcecode.c.objc; path = ViewController.m; sourceTree = "<group>"; };
		D439F7ED22F2D4E60056FC26 /* Base */ = {isa = PBXFileReference; lastKnownFileType = file.storyboard; name = Base; path = Base.lproj/Main.storyboard; sourceTree = "<group>"; };
		D439F7EF22F2D4E70056FC26 /* Assets.xcassets */ = {isa = PBXFileReference; lastKnownFileType = folder.assetcatalog; path = Assets.xcassets; sourceTree = "<group>"; };
		D439F7F222F2D4E70056FC26 /* Base */ = {isa = PBXFileReference; lastKnownFileType = file.storyboard; name = Base; path = Base.lproj/LaunchScreen.storyboard; sourceTree = "<group>"; };
		D439F7FC22F2D4F90056FC26 /* Duck.h */ = {isa = PBXFileReference; lastKnownFileType = sourcecode.c.h; path = Duck.h; sourceTree = "<group>"; };
		D439F7FD22F2D4F90056FC26 /* Duck.m */ = {isa = PBXFileReference; lastKnownFileType = sourcecode.c.objc; path = Duck.m; sourceTree = "<group>"; };
		D439F80622F2D71C0056FC26 /* AppDelegate.h */ = {isa = PBXFileReference; fileEncoding = 4; lastKnownFileType = sourcecode.c.h; path = AppDelegate.h; sourceTree = "<group>"; };
		D439F80722F2D71C0056FC26 /* main.m */ = {isa = PBXFileReference; fileEncoding = 4; lastKnownFileType = sourcecode.c.objc; path = main.m; sourceTree = "<group>"; };
		D439F80822F2D71C0056FC26 /* AppDelegate.m */ = {isa = PBXFileReference; fileEncoding = 4; lastKnownFileType = sourcecode.c.objc; path = AppDelegate.m; sourceTree = "<group>"; };
		D439F80922F2D71C0056FC26 /* Info.plist */ = {isa = PBXFileReference; fileEncoding = 4; lastKnownFileType = text.plist.xml; path = Info.plist; sourceTree = "<group>"; };
		D439F80F22F2D9A70056FC26 /* MallardDuck.h */ = {isa = PBXFileReference; lastKnownFileType = sourcecode.c.h; path = MallardDuck.h; sourceTree = "<group>"; };
		D439F81022F2D9A70056FC26 /* MallardDuck.m */ = {isa = PBXFileReference; lastKnownFileType = sourcecode.c.objc; path = MallardDuck.m; sourceTree = "<group>"; };
		D439F81322F2DB9F0056FC26 /* FlyBehavior.h */ = {isa = PBXFileReference; fileEncoding = 4; lastKnownFileType = sourcecode.c.h; path = FlyBehavior.h; sourceTree = "<group>"; };
		D439F81422F2DB9F0056FC26 /* QuackBehavior.h */ = {isa = PBXFileReference; fileEncoding = 4; lastKnownFileType = sourcecode.c.h; path = QuackBehavior.h; sourceTree = "<group>"; };
		D439F81622F2DB9F0056FC26 /* Quack.m */ = {isa = PBXFileReference; fileEncoding = 4; lastKnownFileType = sourcecode.c.objc; path = Quack.m; sourceTree = "<group>"; };
		D439F81722F2DB9F0056FC26 /* Fly.h */ = {isa = PBXFileReference; fileEncoding = 4; lastKnownFileType = sourcecode.c.h; path = Fly.h; sourceTree = "<group>"; };
		D439F81822F2DB9F0056FC26 /* Fly.m */ = {isa = PBXFileReference; fileEncoding = 4; lastKnownFileType = sourcecode.c.objc; path = Fly.m; sourceTree = "<group>"; };
		D439F81922F2DB9F0056FC26 /* Quack.h */ = {isa = PBXFileReference; fileEncoding = 4; lastKnownFileType = sourcecode.c.h; path = Quack.h; sourceTree = "<group>"; };
/* End PBXFileReference section */

/* Begin PBXFrameworksBuildPhase section */
		D439F7E022F2D4E60056FC26 /* Frameworks */ = {
			isa = PBXFrameworksBuildPhase;
			buildActionMask = 2147483647;
			files = (
			);
			runOnlyForDeploymentPostprocessing = 0;
		};
/* End PBXFrameworksBuildPhase section */

/* Begin PBXGroup section */
		D439F7DA22F2D4E60056FC26 = {
			isa = PBXGroup;
			children = (
				D439F7E522F2D4E60056FC26 /* Strategy01 */,
				D439F7E422F2D4E60056FC26 /* Products */,
			);
			sourceTree = "<group>";
		};
		D439F7E422F2D4E60056FC26 /* Products */ = {
			isa = PBXGroup;
			children = (
				D439F7E322F2D4E60056FC26 /* Strategy01.app */,
			);
			name = Products;
			sourceTree = "<group>";
		};
		D439F7E522F2D4E60056FC26 /* Strategy01 */ = {
			isa = PBXGroup;
			children = (
				D439F81522F2DB9F0056FC26 /* ConcreteStrategy */,
				D439F81222F2DB9F0056FC26 /* Protocol */,
				D439F7FC22F2D4F90056FC26 /* Duck.h */,
				D439F7FD22F2D4F90056FC26 /* Duck.m */,
				D439F80F22F2D9A70056FC26 /* MallardDuck.h */,
				D439F81022F2D9A70056FC26 /* MallardDuck.m */,
				D439F7E922F2D4E60056FC26 /* ViewController.h */,
				D439F7EA22F2D4E60056FC26 /* ViewController.m */,
				D439F7EC22F2D4E60056FC26 /* Main.storyboard */,
				D439F7EF22F2D4E70056FC26 /* Assets.xcassets */,
				D439F7F122F2D4E70056FC26 /* LaunchScreen.storyboard */,
				D439F80522F2D71C0056FC26 /* Other */,
			);
			path = Strategy01;
			sourceTree = "<group>";
		};
		D439F80522F2D71C0056FC26 /* Other */ = {
			isa = PBXGroup;
			children = (
				D439F80622F2D71C0056FC26 /* AppDelegate.h */,
				D439F80722F2D71C0056FC26 /* main.m */,
				D439F80822F2D71C0056FC26 /* AppDelegate.m */,
				D439F80922F2D71C0056FC26 /* Info.plist */,
			);
			path = Other;
			sourceTree = "<group>";
		};
		D439F81222F2DB9F0056FC26 /* Protocol */ = {
			isa = PBXGroup;
			children = (
				D439F81322F2DB9F0056FC26 /* FlyBehavior.h */,
				D439F81422F2DB9F0056FC26 /* QuackBehavior.h */,
			);
			path = Protocol;
			sourceTree = "<group>";
		};
		D439F81522F2DB9F0056FC26 /* ConcreteStrategy */ = {
			isa = PBXGroup;
			children = (
				D439F81922F2DB9F0056FC26 /* Quack.h */,
				D439F81622F2DB9F0056FC26 /* Quack.m */,
				D439F81722F2DB9F0056FC26 /* Fly.h */,
				D439F81822F2DB9F0056FC26 /* Fly.m */,
			);
			path = ConcreteStrategy;
			sourceTree = "<group>";
		};
/* End PBXGroup section */

/* Begin PBXNativeTarget section */
		D439F7E222F2D4E60056FC26 /* Strategy01 */ = {
			isa = PBXNativeTarget;
			buildConfigurationList = D439F7F922F2D4E70056FC26 /* Build configuration list for PBXNativeTarget "Strategy01" */;
			buildPhases = (
				D439F7DF22F2D4E60056FC26 /* Sources */,
				D439F7E022F2D4E60056FC26 /* Frameworks */,
				D439F7E122F2D4E60056FC26 /* Resources */,
			);
			buildRules = (
			);
			dependencies = (
			);
			name = Strategy01;
			productName = Strategy01;
			productReference = D439F7E322F2D4E60056FC26 /* Strategy01.app */;
			productType = "com.apple.product-type.application";
		};
/* End PBXNativeTarget section */

/* Begin PBXProject section */
		D439F7DB22F2D4E60056FC26 /* Project object */ = {
			isa = PBXProject;
			attributes = {
				LastUpgradeCheck = 1030;
				ORGANIZATIONNAME = FY_Developer;
				TargetAttributes = {
					D439F7E222F2D4E60056FC26 = {
						CreatedOnToolsVersion = 10.3;
					};
				};
			};
			buildConfigurationList = D439F7DE22F2D4E60056FC26 /* Build configuration list for PBXProject "Strategy01" */;
			compatibilityVersion = "Xcode 9.3";
			developmentRegion = en;
			hasScannedForEncodings = 0;
			knownRegions = (
				en,
				Base,
			);
			mainGroup = D439F7DA22F2D4E60056FC26;
			productRefGroup = D439F7E422F2D4E60056FC26 /* Products */;
			projectDirPath = "";
			projectRoot = "";
			targets = (
				D439F7E222F2D4E60056FC26 /* Strategy01 */,
			);
		};
/* End PBXProject section */

/* Begin PBXResourcesBuildPhase section */
		D439F7E122F2D4E60056FC26 /* Resources */ = {
			isa = PBXResourcesBuildPhase;
			buildActionMask = 2147483647;
			files = (
				D439F7F322F2D4E70056FC26 /* LaunchScreen.storyboard in Resources */,
				D439F7F022F2D4E70056FC26 /* Assets.xcassets in Resources */,
				D439F7EE22F2D4E60056FC26 /* Main.storyboard in Resources */,
			);
			runOnlyForDeploymentPostprocessing = 0;
		};
/* End PBXResourcesBuildPhase section */

/* Begin PBXSourcesBuildPhase section */
		D439F7DF22F2D4E60056FC26 /* Sources */ = {
			isa = PBXSourcesBuildPhase;
			buildActionMask = 2147483647;
			files = (
				D439F81B22F2DB9F0056FC26 /* Fly.m in Sources */,
				D439F7FE22F2D4F90056FC26 /* Duck.m in Sources */,
				D439F81122F2D9A70056FC26 /* MallardDuck.m in Sources */,
				D439F7EB22F2D4E60056FC26 /* ViewController.m in Sources */,
				D439F81A22F2DB9F0056FC26 /* Quack.m in Sources */,
				D439F80B22F2D71C0056FC26 /* AppDelegate.m in Sources */,
				D439F80A22F2D71C0056FC26 /* main.m in Sources */,
			);
			runOnlyForDeploymentPostprocessing = 0;
		};
/* End PBXSourcesBuildPhase section */

/* Begin PBXVariantGroup section */
		D439F7EC22F2D4E60056FC26 /* Main.storyboard */ = {
			isa = PBXVariantGroup;
			children = (
				D439F7ED22F2D4E60056FC26 /* Base */,
			);
			name = Main.storyboard;
			sourceTree = "<group>";
		};
		D439F7F122F2D4E70056FC26 /* LaunchScreen.storyboard */ = {
			isa = PBXVariantGroup;
			children = (
				D439F7F222F2D4E70056FC26 /* Base */,
			);
			name = LaunchScreen.storyboard;
			sourceTree = "<group>";
		};
/* End PBXVariantGroup section */

/* Begin XCBuildConfiguration section */
		D439F7F722F2D4E70056FC26 /* Debug */ = {
			isa = XCBuildConfiguration;
			buildSettings = {
				ALWAYS_SEARCH_USER_PATHS = NO;
				CLANG_ANALYZER_NONNULL = YES;
				CLANG_ANALYZER_NUMBER_OBJECT_CONVERSION = YES_AGGRESSIVE;
				CLANG_CXX_LANGUAGE_STANDARD = "gnu++14";
				CLANG_CXX_LIBRARY = "libc++";
				CLANG_ENABLE_MODULES = YES;
				CLANG_ENABLE_OBJC_ARC = YES;
				CLANG_ENABLE_OBJC_WEAK = YES;
				CLANG_WARN_BLOCK_CAPTURE_AUTORELEASING = YES;
				CLANG_WARN_BOOL_CONVERSION = YES;
				CLANG_WARN_COMMA = YES;
				CLANG_WARN_CONSTANT_CONVERSION = YES;
				CLANG_WARN_DEPRECATED_OBJC_IMPLEMENTATIONS = YES;
				CLANG_WARN_DIRECT_OBJC_ISA_USAGE = YES_ERROR;
				CLANG_WARN_DOCUMENTATION_COMMENTS = YES;
				CLANG_WARN_EMPTY_BODY = YES;
				CLANG_WARN_ENUM_CONVERSION = YES;
				CLANG_WARN_INFINITE_RECURSION = YES;
				CLANG_WARN_INT_CONVERSION = YES;
				CLANG_WARN_NON_LITERAL_NULL_CONVERSION = YES;
				CLANG_WARN_OBJC_IMPLICIT_RETAIN_SELF = YES;
				CLANG_WARN_OBJC_LITERAL_CONVERSION = YES;
				CLANG_WARN_OBJC_ROOT_CLASS = YES_ERROR;
				CLANG_WARN_RANGE_LOOP_ANALYSIS = YES;
				CLANG_WARN_STRICT_PROTOTYPES = YES;
				CLANG_WARN_SUSPICIOUS_MOVE = YES;
				CLANG_WARN_UNGUARDED_AVAILABILITY = YES_AGGRESSIVE;
				CLANG_WARN_UNREACHABLE_CODE = YES;
				CLANG_WARN__DUPLICATE_METHOD_MATCH = YES;
				CODE_SIGN_IDENTITY = "iPhone Developer";
				COPY_PHASE_STRIP = NO;
				DEBUG_INFORMATION_FORMAT = dwarf;
				ENABLE_STRICT_OBJC_MSGSEND = YES;
				ENABLE_TESTABILITY = YES;
				GCC_C_LANGUAGE_STANDARD = gnu11;
				GCC_DYNAMIC_NO_PIC = NO;
				GCC_NO_COMMON_BLOCKS = YES;
				GCC_OPTIMIZATION_LEVEL = 0;
				GCC_PREPROCESSOR_DEFINITIONS = (
					"DEBUG=1",
					"$(inherited)",
				);
				GCC_WARN_64_TO_32_BIT_CONVERSION = YES;
				GCC_WARN_ABOUT_RETURN_TYPE = YES_ERROR;
				GCC_WARN_UNDECLARED_SELECTOR = YES;
				GCC_WARN_UNINITIALIZED_AUTOS = YES_AGGRESSIVE;
				GCC_WARN_UNUSED_FUNCTION = YES;
				GCC_WARN_UNUSED_VARIABLE = YES;
				IPHONEOS_DEPLOYMENT_TARGET = 12.4;
				MTL_ENABLE_DEBUG_INFO = INCLUDE_SOURCE;
				MTL_FAST_MATH = YES;
				ONLY_ACTIVE_ARCH = YES;
				SDKROOT = iphoneos;
			};
			name = Debug;
		};
		D439F7F822F2D4E70056FC26 /* Release */ = {
			isa = XCBuildConfiguration;
			buildSettings = {
				ALWAYS_SEARCH_USER_PATHS = NO;
				CLANG_ANALYZER_NONNULL = YES;
				CLANG_ANALYZER_NUMBER_OBJECT_CONVERSION = YES_AGGRESSIVE;
				CLANG_CXX_LANGUAGE_STANDARD = "gnu++14";
				CLANG_CXX_LIBRARY = "libc++";
				CLANG_ENABLE_MODULES = YES;
				CLANG_ENABLE_OBJC_ARC = YES;
				CLANG_ENABLE_OBJC_WEAK = YES;
				CLANG_WARN_BLOCK_CAPTURE_AUTORELEASING = YES;
				CLANG_WARN_BOOL_CONVERSION = YES;
				CLANG_WARN_COMMA = YES;
				CLANG_WARN_CONSTANT_CONVERSION = YES;
				CLANG_WARN_DEPRECATED_OBJC_IMPLEMENTATIONS = YES;
				CLANG_WARN_DIRECT_OBJC_ISA_USAGE = YES_ERROR;
				CLANG_WARN_DOCUMENTATION_COMMENTS = YES;
				CLANG_WARN_EMPTY_BODY = YES;
				CLANG_WARN_ENUM_CONVERSION = YES;
				CLANG_WARN_INFINITE_RECURSION = YES;
				CLANG_WARN_INT_CONVERSION = YES;
				CLANG_WARN_NON_LITERAL_NULL_CONVERSION = YES;
				CLANG_WARN_OBJC_IMPLICIT_RETAIN_SELF = YES;
				CLANG_WARN_OBJC_LITERAL_CONVERSION = YES;
				CLANG_WARN_OBJC_ROOT_CLASS = YES_ERROR;
				CLANG_WARN_RANGE_LOOP_ANALYSIS = YES;
				CLANG_WARN_STRICT_PROTOTYPES = YES;
				CLANG_WARN_SUSPICIOUS_MOVE = YES;
				CLANG_WARN_UNGUARDED_AVAILABILITY = YES_AGGRESSIVE;
				CLANG_WARN_UNREACHABLE_CODE = YES;
				CLANG_WARN__DUPLICATE_METHOD_MATCH = YES;
				CODE_SIGN_IDENTITY = "iPhone Developer";
				COPY_PHASE_STRIP = NO;
				DEBUG_INFORMATION_FORMAT = "dwarf-with-dsym";
				ENABLE_NS_ASSERTIONS = NO;
				ENABLE_STRICT_OBJC_MSGSEND = YES;
				GCC_C_LANGUAGE_STANDARD = gnu11;
				GCC_NO_COMMON_BLOCKS = YES;
				GCC_WARN_64_TO_32_BIT_CONVERSION = YES;
				GCC_WARN_ABOUT_RETURN_TYPE = YES_ERROR;
				GCC_WARN_UNDECLARED_SELECTOR = YES;
				GCC_WARN_UNINITIALIZED_AUTOS = YES_AGGRESSIVE;
				GCC_WARN_UNUSED_FUNCTION = YES;
				GCC_WARN_UNUSED_VARIABLE = YES;
				IPHONEOS_DEPLOYMENT_TARGET = 12.4;
				MTL_ENABLE_DEBUG_INFO = NO;
				MTL_FAST_MATH = YES;
				SDKROOT = iphoneos;
				VALIDATE_PRODUCT = YES;
			};
			name = Release;
		};
		D439F7FA22F2D4E70056FC26 /* Debug */ = {
			isa = XCBuildConfiguration;
			buildSettings = {
				ASSETCATALOG_COMPILER_APPICON_NAME = AppIcon;
				CODE_SIGN_STYLE = Automatic;
				INFOPLIST_FILE = Strategy01/Other/Info.plist;
				LD_RUNPATH_SEARCH_PATHS = (
					"$(inherited)",
					"@executable_path/Frameworks",
				);
				PRODUCT_BUNDLE_IDENTIFIER = com.designPattern.Strategy01;
				PRODUCT_NAME = "$(TARGET_NAME)";
				TARGETED_DEVICE_FAMILY = "1,2";
			};
			name = Debug;
		};
		D439F7FB22F2D4E70056FC26 /* Release */ = {
			isa = XCBuildConfiguration;
			buildSettings = {
				ASSETCATALOG_COMPILER_APPICON_NAME = AppIcon;
				CODE_SIGN_STYLE = Automatic;
				INFOPLIST_FILE = Strategy01/Other/Info.plist;
				LD_RUNPATH_SEARCH_PATHS = (
					"$(inherited)",
					"@executable_path/Frameworks",
				);
				PRODUCT_BUNDLE_IDENTIFIER = com.designPattern.Strategy01;
				PRODUCT_NAME = "$(TARGET_NAME)";
				TARGETED_DEVICE_FAMILY = "1,2";
			};
			name = Release;
		};
/* End XCBuildConfiguration section */

/* Begin XCConfigurationList section */
		D439F7DE22F2D4E60056FC26 /* Build configuration list for PBXProject "Strategy01" */ = {
			isa = XCConfigurationList;
			buildConfigurations = (
				D439F7F722F2D4E70056FC26 /* Debug */,
				D439F7F822F2D4E70056FC26 /* Release */,
			);
			defaultConfigurationIsVisible = 0;
			defaultConfigurationName = Release;
		};
		D439F7F922F2D4E70056FC26 /* Build configuration list for PBXNativeTarget "Strategy01" */ = {
			isa = XCConfigurationList;
			buildConfigurations = (
				D439F7FA22F2D4E70056FC26 /* Debug */,
				D439F7FB22F2D4E70056FC26 /* Release */,
			);
			defaultConfigurationIsVisible = 0;
			defaultConfigurationName = Release;
		};
/* End XCConfigurationList section */
	};
	rootObject = D439F7DB22F2D4E60056FC26 /* Project object */;
}
